// !$*UTF8*$!
{
	archiveVersion = 1;
	classes = {
	};
	objectVersion = 56;
	objects = {

/* Begin PBXBuildFile section */
		3ECC09872A30917E002C00AC /* convert2webP_exApp.swift in Sources */ = {isa = PBXBuildFile; fileRef = 3ECC09862A30917E002C00AC /* convert2webP_exApp.swift */; };
		3ECC09892A30917E002C00AC /* ContentView.swift in Sources */ = {isa = PBXBuildFile; fileRef = 3ECC09882A30917E002C00AC /* ContentView.swift */; };
		3ECC098B2A309180002C00AC /* Assets.xcassets in Resources */ = {isa = PBXBuildFile; fileRef = 3ECC098A2A309180002C00AC /* Assets.xcassets */; };
		3ECC098E2A309180002C00AC /* Preview Assets.xcassets in Resources */ = {isa = PBXBuildFile; fileRef = 3ECC098D2A309180002C00AC /* Preview Assets.xcassets */; };
		3ECC09962A33C6C9002C00AC /* SDWebImageWebPCoder in Frameworks */ = {isa = PBXBuildFile; productRef = 3ECC09952A33C6C9002C00AC /* SDWebImageWebPCoder */; };
		3ECC09992A33C6F9002C00AC /* SDWebImageSwiftUI in Frameworks */ = {isa = PBXBuildFile; productRef = 3ECC09982A33C6F9002C00AC /* SDWebImageSwiftUI */; };
		3ECC09A02A33C929002C00AC /* Alamofire in Frameworks */ = {isa = PBXBuildFile; productRef = 3ECC099F2A33C929002C00AC /* Alamofire */; };
		3ECC09A22A33CC93002C00AC /* WebPImagesView.swift in Sources */ = {isa = PBXBuildFile; fileRef = 3ECC09A12A33CC93002C00AC /* WebPImagesView.swift */; };
		3ECC09A42A33D4D6002C00AC /* ImageView.swift in Sources */ = {isa = PBXBuildFile; fileRef = 3ECC09A32A33D4D6002C00AC /* ImageView.swift */; };
		3ECC09A72A33D9F8002C00AC /* Kingfisher in Frameworks */ = {isa = PBXBuildFile; productRef = 3ECC09A62A33D9F8002C00AC /* Kingfisher */; };
		3ECC09A92A34291B002C00AC /* ImagePicker.swift in Sources */ = {isa = PBXBuildFile; fileRef = 3ECC09A82A34291B002C00AC /* ImagePicker.swift */; };
		3ECC09AB2A344F20002C00AC /* WebPImageViewModel.swift in Sources */ = {isa = PBXBuildFile; fileRef = 3ECC09AA2A344F20002C00AC /* WebPImageViewModel.swift */; };
		3ECC09AD2A35A3CF002C00AC /* imageData.swift in Sources */ = {isa = PBXBuildFile; fileRef = 3ECC09AC2A35A3CF002C00AC /* imageData.swift */; };
		3ECC09AF2A35B154002C00AC /* ImageViewModel.swift in Sources */ = {isa = PBXBuildFile; fileRef = 3ECC09AE2A35B154002C00AC /* ImageViewModel.swift */; };
		3ECC09B12A3712C1002C00AC /* CustomPhotoPickerView.swift in Sources */ = {isa = PBXBuildFile; fileRef = 3ECC09B02A3712C1002C00AC /* CustomPhotoPickerView.swift */; };
/* End PBXBuildFile section */

/* Begin PBXFileReference section */
		3ECC09832A30917E002C00AC /* convert2webP_ex.app */ = {isa = PBXFileReference; explicitFileType = wrapper.application; includeInIndex = 0; path = convert2webP_ex.app; sourceTree = BUILT_PRODUCTS_DIR; };
		3ECC09862A30917E002C00AC /* convert2webP_exApp.swift */ = {isa = PBXFileReference; lastKnownFileType = sourcecode.swift; path = convert2webP_exApp.swift; sourceTree = "<group>"; };
		3ECC09882A30917E002C00AC /* ContentView.swift */ = {isa = PBXFileReference; lastKnownFileType = sourcecode.swift; path = ContentView.swift; sourceTree = "<group>"; };
		3ECC098A2A309180002C00AC /* Assets.xcassets */ = {isa = PBXFileReference; lastKnownFileType = folder.assetcatalog; path = Assets.xcassets; sourceTree = "<group>"; };
		3ECC098D2A309180002C00AC /* Preview Assets.xcassets */ = {isa = PBXFileReference; lastKnownFileType = folder.assetcatalog; path = "Preview Assets.xcassets"; sourceTree = "<group>"; };
		3ECC09A12A33CC93002C00AC /* WebPImagesView.swift */ = {isa = PBXFileReference; lastKnownFileType = sourcecode.swift; path = WebPImagesView.swift; sourceTree = "<group>"; };
		3ECC09A32A33D4D6002C00AC /* ImageView.swift */ = {isa = PBXFileReference; lastKnownFileType = sourcecode.swift; path = ImageView.swift; sourceTree = "<group>"; };
		3ECC09A82A34291B002C00AC /* ImagePicker.swift */ = {isa = PBXFileReference; lastKnownFileType = sourcecode.swift; path = ImagePicker.swift; sourceTree = "<group>"; };
		3ECC09AA2A344F20002C00AC /* WebPImageViewModel.swift */ = {isa = PBXFileReference; lastKnownFileType = sourcecode.swift; path = WebPImageViewModel.swift; sourceTree = "<group>"; };
		3ECC09AC2A35A3CF002C00AC /* imageData.swift */ = {isa = PBXFileReference; lastKnownFileType = sourcecode.swift; path = imageData.swift; sourceTree = "<group>"; };
		3ECC09AE2A35B154002C00AC /* ImageViewModel.swift */ = {isa = PBXFileReference; lastKnownFileType = sourcecode.swift; path = ImageViewModel.swift; sourceTree = "<group>"; };
		3ECC09B02A3712C1002C00AC /* CustomPhotoPickerView.swift */ = {isa = PBXFileReference; lastKnownFileType = sourcecode.swift; path = CustomPhotoPickerView.swift; sourceTree = "<group>"; };
/* End PBXFileReference section */

/* Begin PBXFrameworksBuildPhase section */
		3ECC09802A30917E002C00AC /* Frameworks */ = {
			isa = PBXFrameworksBuildPhase;
			buildActionMask = 2147483647;
			files = (
				3ECC09A72A33D9F8002C00AC /* Kingfisher in Frameworks */,
				3ECC09A02A33C929002C00AC /* Alamofire in Frameworks */,
				3ECC09992A33C6F9002C00AC /* SDWebImageSwiftUI in Frameworks */,
				3ECC09962A33C6C9002C00AC /* SDWebImageWebPCoder in Frameworks */,
			);
			runOnlyForDeploymentPostprocessing = 0;
		};
/* End PBXFrameworksBuildPhase section */

/* Begin PBXGroup section */
		3ECC097A2A30917E002C00AC = {
			isa = PBXGroup;
			children = (
				3ECC09852A30917E002C00AC /* convert2webP_ex */,
				3ECC09842A30917E002C00AC /* Products */,
			);
			sourceTree = "<group>";
		};
		3ECC09842A30917E002C00AC /* Products */ = {
			isa = PBXGroup;
			children = (
				3ECC09832A30917E002C00AC /* convert2webP_ex.app */,
			);
			name = Products;
			sourceTree = "<group>";
		};
		3ECC09852A30917E002C00AC /* convert2webP_ex */ = {
			isa = PBXGroup;
			children = (
				3ECC09862A30917E002C00AC /* convert2webP_exApp.swift */,
				3ECC09882A30917E002C00AC /* ContentView.swift */,
				3ECC09A12A33CC93002C00AC /* WebPImagesView.swift */,
				3ECC09AA2A344F20002C00AC /* WebPImageViewModel.swift */,
				3ECC09AC2A35A3CF002C00AC /* imageData.swift */,
				3ECC09A32A33D4D6002C00AC /* ImageView.swift */,
				3ECC09AE2A35B154002C00AC /* ImageViewModel.swift */,
				3ECC09B02A3712C1002C00AC /* CustomPhotoPickerView.swift */,
				3ECC09A82A34291B002C00AC /* ImagePicker.swift */,
				3ECC098A2A309180002C00AC /* Assets.xcassets */,
				3ECC098C2A309180002C00AC /* Preview Content */,
			);
			path = convert2webP_ex;
			sourceTree = "<group>";
		};
		3ECC098C2A309180002C00AC /* Preview Content */ = {
			isa = PBXGroup;
			children = (
				3ECC098D2A309180002C00AC /* Preview Assets.xcassets */,
			);
			path = "Preview Content";
			sourceTree = "<group>";
		};
/* End PBXGroup section */

/* Begin PBXNativeTarget section */
		3ECC09822A30917E002C00AC /* convert2webP_ex */ = {
			isa = PBXNativeTarget;
			buildConfigurationList = 3ECC09912A309180002C00AC /* Build configuration list for PBXNativeTarget "convert2webP_ex" */;
			buildPhases = (
				3ECC097F2A30917E002C00AC /* Sources */,
				3ECC09802A30917E002C00AC /* Frameworks */,
				3ECC09812A30917E002C00AC /* Resources */,
			);
			buildRules = (
			);
			dependencies = (
			);
			name = convert2webP_ex;
			packageProductDependencies = (
				3ECC09952A33C6C9002C00AC /* SDWebImageWebPCoder */,
				3ECC09982A33C6F9002C00AC /* SDWebImageSwiftUI */,
				3ECC099F2A33C929002C00AC /* Alamofire */,
				3ECC09A62A33D9F8002C00AC /* Kingfisher */,
			);
			productName = convert2webP_ex;
			productReference = 3ECC09832A30917E002C00AC /* convert2webP_ex.app */;
			productType = "com.apple.product-type.application";
		};
/* End PBXNativeTarget section */

/* Begin PBXProject section */
		3ECC097B2A30917E002C00AC /* Project object */ = {
			isa = PBXProject;
			attributes = {
				BuildIndependentTargetsInParallel = 1;
				LastSwiftUpdateCheck = 1430;
				LastUpgradeCheck = 1430;
				TargetAttributes = {
					3ECC09822A30917E002C00AC = {
						CreatedOnToolsVersion = 14.3.1;
					};
				};
			};
			buildConfigurationList = 3ECC097E2A30917E002C00AC /* Build configuration list for PBXProject "convert2webP_ex" */;
			compatibilityVersion = "Xcode 14.0";
			developmentRegion = en;
			hasScannedForEncodings = 0;
			knownRegions = (
				en,
				Base,
			);
			mainGroup = 3ECC097A2A30917E002C00AC;
			packageReferences = (
				3ECC09942A33C6C9002C00AC /* XCRemoteSwiftPackageReference "SDWebImageWebPCoder" */,
				3ECC09972A33C6F9002C00AC /* XCRemoteSwiftPackageReference "SDWebImageSwiftUI" */,
				3ECC099E2A33C929002C00AC /* XCRemoteSwiftPackageReference "Alamofire" */,
				3ECC09A52A33D9F8002C00AC /* XCRemoteSwiftPackageReference "Kingfisher" */,
			);
			productRefGroup = 3ECC09842A30917E002C00AC /* Products */;
			projectDirPath = "";
			projectRoot = "";
			targets = (
				3ECC09822A30917E002C00AC /* convert2webP_ex */,
			);
		};
/* End PBXProject section */

/* Begin PBXResourcesBuildPhase section */
		3ECC09812A30917E002C00AC /* Resources */ = {
			isa = PBXResourcesBuildPhase;
			buildActionMask = 2147483647;
			files = (
				3ECC098E2A309180002C00AC /* Preview Assets.xcassets in Resources */,
				3ECC098B2A309180002C00AC /* Assets.xcassets in Resources */,
			);
			runOnlyForDeploymentPostprocessing = 0;
		};
/* End PBXResourcesBuildPhase section */

/* Begin PBXSourcesBuildPhase section */
		3ECC097F2A30917E002C00AC /* Sources */ = {
			isa = PBXSourcesBuildPhase;
			buildActionMask = 2147483647;
			files = (
				3ECC09AB2A344F20002C00AC /* WebPImageViewModel.swift in Sources */,
				3ECC09A42A33D4D6002C00AC /* ImageView.swift in Sources */,
				3ECC09892A30917E002C00AC /* ContentView.swift in Sources */,
				3ECC09A92A34291B002C00AC /* ImagePicker.swift in Sources */,
				3ECC09A22A33CC93002C00AC /* WebPImagesView.swift in Sources */,
				3ECC09AF2A35B154002C00AC /* ImageViewModel.swift in Sources */,
				3ECC09B12A3712C1002C00AC /* CustomPhotoPickerView.swift in Sources */,
				3ECC09AD2A35A3CF002C00AC /* imageData.swift in Sources */,
				3ECC09872A30917E002C00AC /* convert2webP_exApp.swift in Sources */,
			);
			runOnlyForDeploymentPostprocessing = 0;
		};
/* End PBXSourcesBuildPhase section */

/* Begin XCBuildConfiguration section */
		3ECC098F2A309180002C00AC /* Debug */ = {
			isa = XCBuildConfiguration;
			buildSettings = {
				ALWAYS_SEARCH_USER_PATHS = NO;
				CLANG_ANALYZER_NONNULL = YES;
				CLANG_ANALYZER_NUMBER_OBJECT_CONVERSION = YES_AGGRESSIVE;
				CLANG_CXX_LANGUAGE_STANDARD = "gnu++20";
				CLANG_ENABLE_MODULES = YES;
				CLANG_ENABLE_OBJC_ARC = YES;
				CLANG_ENABLE_OBJC_WEAK = YES;
				CLANG_WARN_BLOCK_CAPTURE_AUTORELEASING = YES;
				CLANG_WARN_BOOL_CONVERSION = YES;
				CLANG_WARN_COMMA = YES;
				CLANG_WARN_CONSTANT_CONVERSION = YES;
				CLANG_WARN_DEPRECATED_OBJC_IMPLEMENTATIONS = YES;
				CLANG_WARN_DIRECT_OBJC_ISA_USAGE = YES_ERROR;
				CLANG_WARN_DOCUMENTATION_COMMENTS = YES;
				CLANG_WARN_EMPTY_BODY = YES;
				CLANG_WARN_ENUM_CONVERSION = YES;
				CLANG_WARN_INFINITE_RECURSION = YES;
				CLANG_WARN_INT_CONVERSION = YES;
				CLANG_WARN_NON_LITERAL_NULL_CONVERSION = YES;
				CLANG_WARN_OBJC_IMPLICIT_RETAIN_SELF = YES;
				CLANG_WARN_OBJC_LITERAL_CONVERSION = YES;
				CLANG_WARN_OBJC_ROOT_CLASS = YES_ERROR;
				CLANG_WARN_QUOTED_INCLUDE_IN_FRAMEWORK_HEADER = YES;
				CLANG_WARN_RANGE_LOOP_ANALYSIS = YES;
				CLANG_WARN_STRICT_PROTOTYPES = YES;
				CLANG_WARN_SUSPICIOUS_MOVE = YES;
				CLANG_WARN_UNGUARDED_AVAILABILITY = YES_AGGRESSIVE;
				CLANG_WARN_UNREACHABLE_CODE = YES;
				CLANG_WARN__DUPLICATE_METHOD_MATCH = YES;
				COPY_PHASE_STRIP = NO;
				DEBUG_INFORMATION_FORMAT = dwarf;
				ENABLE_STRICT_OBJC_MSGSEND = YES;
				ENABLE_TESTABILITY = YES;
				GCC_C_LANGUAGE_STANDARD = gnu11;
				GCC_DYNAMIC_NO_PIC = NO;
				GCC_NO_COMMON_BLOCKS = YES;
				GCC_OPTIMIZATION_LEVEL = 0;
				GCC_PREPROCESSOR_DEFINITIONS = (
					"DEBUG=1",
					"$(inherited)",
				);
				GCC_WARN_64_TO_32_BIT_CONVERSION = YES;
				GCC_WARN_ABOUT_RETURN_TYPE = YES_ERROR;
				GCC_WARN_UNDECLARED_SELECTOR = YES;
				GCC_WARN_UNINITIALIZED_AUTOS = YES_AGGRESSIVE;
				GCC_WARN_UNUSED_FUNCTION = YES;
				GCC_WARN_UNUSED_VARIABLE = YES;
				IPHONEOS_DEPLOYMENT_TARGET = 16.4;
				MTL_ENABLE_DEBUG_INFO = INCLUDE_SOURCE;
				MTL_FAST_MATH = YES;
				ONLY_ACTIVE_ARCH = YES;
				SDKROOT = iphoneos;
				SWIFT_ACTIVE_COMPILATION_CONDITIONS = DEBUG;
				SWIFT_OPTIMIZATION_LEVEL = "-Onone";
			};
			name = Debug;
		};
		3ECC09902A309180002C00AC /* Release */ = {
			isa = XCBuildConfiguration;
			buildSettings = {
				ALWAYS_SEARCH_USER_PATHS = NO;
				CLANG_ANALYZER_NONNULL = YES;
				CLANG_ANALYZER_NUMBER_OBJECT_CONVERSION = YES_AGGRESSIVE;
				CLANG_CXX_LANGUAGE_STANDARD = "gnu++20";
				CLANG_ENABLE_MODULES = YES;
				CLANG_ENABLE_OBJC_ARC = YES;
				CLANG_ENABLE_OBJC_WEAK = YES;
				CLANG_WARN_BLOCK_CAPTURE_AUTORELEASING = YES;
				CLANG_WARN_BOOL_CONVERSION = YES;
				CLANG_WARN_COMMA = YES;
				CLANG_WARN_CONSTANT_CONVERSION = YES;
				CLANG_WARN_DEPRECATED_OBJC_IMPLEMENTATIONS = YES;
				CLANG_WARN_DIRECT_OBJC_ISA_USAGE = YES_ERROR;
				CLANG_WARN_DOCUMENTATION_COMMENTS = YES;
				CLANG_WARN_EMPTY_BODY = YES;
				CLANG_WARN_ENUM_CONVERSION = YES;
				CLANG_WARN_INFINITE_RECURSION = YES;
				CLANG_WARN_INT_CONVERSION = YES;
				CLANG_WARN_NON_LITERAL_NULL_CONVERSION = YES;
				CLANG_WARN_OBJC_IMPLICIT_RETAIN_SELF = YES;
				CLANG_WARN_OBJC_LITERAL_CONVERSION = YES;
				CLANG_WARN_OBJC_ROOT_CLASS = YES_ERROR;
				CLANG_WARN_QUOTED_INCLUDE_IN_FRAMEWORK_HEADER = YES;
				CLANG_WARN_RANGE_LOOP_ANALYSIS = YES;
				CLANG_WARN_STRICT_PROTOTYPES = YES;
				CLANG_WARN_SUSPICIOUS_MOVE = YES;
				CLANG_WARN_UNGUARDED_AVAILABILITY = YES_AGGRESSIVE;
				CLANG_WARN_UNREACHABLE_CODE = YES;
				CLANG_WARN__DUPLICATE_METHOD_MATCH = YES;
				COPY_PHASE_STRIP = NO;
				DEBUG_INFORMATION_FORMAT = "dwarf-with-dsym";
				ENABLE_NS_ASSERTIONS = NO;
				ENABLE_STRICT_OBJC_MSGSEND = YES;
				GCC_C_LANGUAGE_STANDARD = gnu11;
				GCC_NO_COMMON_BLOCKS = YES;
				GCC_WARN_64_TO_32_BIT_CONVERSION = YES;
				GCC_WARN_ABOUT_RETURN_TYPE = YES_ERROR;
				GCC_WARN_UNDECLARED_SELECTOR = YES;
				GCC_WARN_UNINITIALIZED_AUTOS = YES_AGGRESSIVE;
				GCC_WARN_UNUSED_FUNCTION = YES;
				GCC_WARN_UNUSED_VARIABLE = YES;
				IPHONEOS_DEPLOYMENT_TARGET = 16.4;
				MTL_ENABLE_DEBUG_INFO = NO;
				MTL_FAST_MATH = YES;
				SDKROOT = iphoneos;
				SWIFT_COMPILATION_MODE = wholemodule;
				SWIFT_OPTIMIZATION_LEVEL = "-O";
				VALIDATE_PRODUCT = YES;
			};
			name = Release;
		};
		3ECC09922A309180002C00AC /* Debug */ = {
			isa = XCBuildConfiguration;
			buildSettings = {
				ASSETCATALOG_COMPILER_APPICON_NAME = AppIcon;
				ASSETCATALOG_COMPILER_GLOBAL_ACCENT_COLOR_NAME = AccentColor;
				CODE_SIGN_STYLE = Automatic;
				CURRENT_PROJECT_VERSION = 1;
				DEVELOPMENT_ASSET_PATHS = "\"convert2webP_ex/Preview Content\"";
				DEVELOPMENT_TEAM = KWLZ2DM3AK;
				ENABLE_PREVIEWS = YES;
				GENERATE_INFOPLIST_FILE = YES;
				INFOPLIST_KEY_UIApplicationSceneManifest_Generation = YES;
				INFOPLIST_KEY_UIApplicationSupportsIndirectInputEvents = YES;
				INFOPLIST_KEY_UILaunchScreen_Generation = YES;
				INFOPLIST_KEY_UISupportedInterfaceOrientations_iPad = "UIInterfaceOrientationPortrait UIInterfaceOrientationPortraitUpsideDown UIInterfaceOrientationLandscapeLeft UIInterfaceOrientationLandscapeRight";
				INFOPLIST_KEY_UISupportedInterfaceOrientations_iPhone = "UIInterfaceOrientationPortrait UIInterfaceOrientationLandscapeLeft UIInterfaceOrientationLandscapeRight";
				IPHONEOS_DEPLOYMENT_TARGET = 16.1;
				"IPHONEOS_DEPLOYMENT_TARGET[sdk=iphoneos*]" = 16.1;
				LD_RUNPATH_SEARCH_PATHS = (
					"$(inherited)",
					"@executable_path/Frameworks",
				);
				MARKETING_VERSION = 1.0;
				PRODUCT_BUNDLE_IDENTIFIER = "com.example-swiftUI.convert2webP-ex";
				PRODUCT_NAME = "$(TARGET_NAME)";
				SWIFT_EMIT_LOC_STRINGS = YES;
				SWIFT_VERSION = 5.0;
				TARGETED_DEVICE_FAMILY = "1,2";
			};
			name = Debug;
		};
		3ECC09932A309180002C00AC /* Release */ = {
			isa = XCBuildConfiguration;
			buildSettings = {
				ASSETCATALOG_COMPILER_APPICON_NAME = AppIcon;
				ASSETCATALOG_COMPILER_GLOBAL_ACCENT_COLOR_NAME = AccentColor;
				CODE_SIGN_STYLE = Automatic;
				CURRENT_PROJECT_VERSION = 1;
				DEVELOPMENT_ASSET_PATHS = "\"convert2webP_ex/Preview Content\"";
				DEVELOPMENT_TEAM = KWLZ2DM3AK;
				ENABLE_PREVIEWS = YES;
				GENERATE_INFOPLIST_FILE = YES;
				INFOPLIST_KEY_UIApplicationSceneManifest_Generation = YES;
				INFOPLIST_KEY_UIApplicationSupportsIndirectInputEvents = YES;
				INFOPLIST_KEY_UILaunchScreen_Generation = YES;
				INFOPLIST_KEY_UISupportedInterfaceOrientations_iPad = "UIInterfaceOrientationPortrait UIInterfaceOrientationPortraitUpsideDown UIInterfaceOrientationLandscapeLeft UIInterfaceOrientationLandscapeRight";
				INFOPLIST_KEY_UISupportedInterfaceOrientations_iPhone = "UIInterfaceOrientationPortrait UIInterfaceOrientationLandscapeLeft UIInterfaceOrientationLandscapeRight";
				IPHONEOS_DEPLOYMENT_TARGET = 16.1;
				LD_RUNPATH_SEARCH_PATHS = (
					"$(inherited)",
					"@executable_path/Frameworks",
				);
				MARKETING_VERSION = 1.0;
				PRODUCT_BUNDLE_IDENTIFIER = "com.example-swiftUI.convert2webP-ex";
				PRODUCT_NAME = "$(TARGET_NAME)";
				SWIFT_EMIT_LOC_STRINGS = YES;
				SWIFT_VERSION = 5.0;
				TARGETED_DEVICE_FAMILY = "1,2";
			};
			name = Release;
		};
/* End XCBuildConfiguration section */

/* Begin XCConfigurationList section */
		3ECC097E2A30917E002C00AC /* Build configuration list for PBXProject "convert2webP_ex" */ = {
			isa = XCConfigurationList;
			buildConfigurations = (
				3ECC098F2A309180002C00AC /* Debug */,
				3ECC09902A309180002C00AC /* Release */,
			);
			defaultConfigurationIsVisible = 0;
			defaultConfigurationName = Release;
		};
		3ECC09912A309180002C00AC /* Build configuration list for PBXNativeTarget "convert2webP_ex" */ = {
			isa = XCConfigurationList;
			buildConfigurations = (
				3ECC09922A309180002C00AC /* Debug */,
				3ECC09932A309180002C00AC /* Release */,
			);
			defaultConfigurationIsVisible = 0;
			defaultConfigurationName = Release;
		};
/* End XCConfigurationList section */

/* Begin XCRemoteSwiftPackageReference section */
		3ECC09942A33C6C9002C00AC /* XCRemoteSwiftPackageReference "SDWebImageWebPCoder" */ = {
			isa = XCRemoteSwiftPackageReference;
			repositoryURL = "https://github.com/SDWebImage/SDWebImageWebPCoder.git";
			requirement = {
				kind = upToNextMajorVersion;
				minimumVersion = 0.11.0;
			};
		};
		3ECC09972A33C6F9002C00AC /* XCRemoteSwiftPackageReference "SDWebImageSwiftUI" */ = {
			isa = XCRemoteSwiftPackageReference;
			repositoryURL = "https://github.com/SDWebImage/SDWebImageSwiftUI.git";
			requirement = {
				kind = upToNextMajorVersion;
				minimumVersion = 2.0.0;
			};
		};
		3ECC099E2A33C929002C00AC /* XCRemoteSwiftPackageReference "Alamofire" */ = {
			isa = XCRemoteSwiftPackageReference;
			repositoryURL = "https://github.com/Alamofire/Alamofire.git";
			requirement = {
				kind = upToNextMajorVersion;
				minimumVersion = 5.0.0;
			};
		};
		3ECC09A52A33D9F8002C00AC /* XCRemoteSwiftPackageReference "Kingfisher" */ = {
			isa = XCRemoteSwiftPackageReference;
			repositoryURL = "https://github.com/onevcat/Kingfisher.git";
			requirement = {
				kind = upToNextMajorVersion;
				minimumVersion = 7.0.0;
			};
		};
/* End XCRemoteSwiftPackageReference section */

/* Begin XCSwiftPackageProductDependency section */
		3ECC09952A33C6C9002C00AC /* SDWebImageWebPCoder */ = {
			isa = XCSwiftPackageProductDependency;
			package = 3ECC09942A33C6C9002C00AC /* XCRemoteSwiftPackageReference "SDWebImageWebPCoder" */;
			productName = SDWebImageWebPCoder;
		};
		3ECC09982A33C6F9002C00AC /* SDWebImageSwiftUI */ = {
			isa = XCSwiftPackageProductDependency;
			package = 3ECC09972A33C6F9002C00AC /* XCRemoteSwiftPackageReference "SDWebImageSwiftUI" */;
			productName = SDWebImageSwiftUI;
		};
		3ECC099F2A33C929002C00AC /* Alamofire */ = {
			isa = XCSwiftPackageProductDependency;
			package = 3ECC099E2A33C929002C00AC /* XCRemoteSwiftPackageReference "Alamofire" */;
			productName = Alamofire;
		};
		3ECC09A62A33D9F8002C00AC /* Kingfisher */ = {
			isa = XCSwiftPackageProductDependency;
			package = 3ECC09A52A33D9F8002C00AC /* XCRemoteSwiftPackageReference "Kingfisher" */;
			productName = Kingfisher;
		};
/* End XCSwiftPackageProductDependency section */
	};
	rootObject = 3ECC097B2A30917E002C00AC /* Project object */;
}
