// !$*UTF8*$!
{
	archiveVersion = 1;
	classes = {
	};
	objectVersion = 56;
	objects = {

/* Begin PBXBuildFile section */
		3EE389F22A154EC600240777 /* MovieRankngApp.swift in Sources */ = {isa = PBXBuildFile; fileRef = 3EE389F12A154EC600240777 /* MovieRankngApp.swift */; };
		3EE389F62A154EC800240777 /* Assets.xcassets in Resources */ = {isa = PBXBuildFile; fileRef = 3EE389F52A154EC800240777 /* Assets.xcassets */; };
		3EE389F92A154EC800240777 /* Preview Assets.xcassets in Resources */ = {isa = PBXBuildFile; fileRef = 3EE389F82A154EC800240777 /* Preview Assets.xcassets */; };
		3EE38A002A154F4100240777 /* MovieRankingView.swift in Sources */ = {isa = PBXBuildFile; fileRef = 3EE389FF2A154F4100240777 /* MovieRankingView.swift */; };
		3EE38A022A154F4D00240777 /* LoginView.swift in Sources */ = {isa = PBXBuildFile; fileRef = 3EE38A012A154F4D00240777 /* LoginView.swift */; };
		3EE38A042A154F5F00240777 /* MovieCardView.swift in Sources */ = {isa = PBXBuildFile; fileRef = 3EE38A032A154F5F00240777 /* MovieCardView.swift */; };
		3EE38A062A154F6800240777 /* MovieData.swift in Sources */ = {isa = PBXBuildFile; fileRef = 3EE38A052A154F6800240777 /* MovieData.swift */; };
		3EE38A082A154F7900240777 /* MovieListViewModel.swift in Sources */ = {isa = PBXBuildFile; fileRef = 3EE38A072A154F7900240777 /* MovieListViewModel.swift */; };
		3EE38A0B2A154FEA00240777 /* Alamofire in Frameworks */ = {isa = PBXBuildFile; productRef = 3EE38A0A2A154FEA00240777 /* Alamofire */; };
/* End PBXBuildFile section */

/* Begin PBXFileReference section */
		3EE389EE2A154EC600240777 /* MovieRankng.app */ = {isa = PBXFileReference; explicitFileType = wrapper.application; includeInIndex = 0; path = MovieRankng.app; sourceTree = BUILT_PRODUCTS_DIR; };
		3EE389F12A154EC600240777 /* MovieRankngApp.swift */ = {isa = PBXFileReference; lastKnownFileType = sourcecode.swift; path = MovieRankngApp.swift; sourceTree = "<group>"; };
		3EE389F52A154EC800240777 /* Assets.xcassets */ = {isa = PBXFileReference; lastKnownFileType = folder.assetcatalog; path = Assets.xcassets; sourceTree = "<group>"; };
		3EE389F82A154EC800240777 /* Preview Assets.xcassets */ = {isa = PBXFileReference; lastKnownFileType = folder.assetcatalog; path = "Preview Assets.xcassets"; sourceTree = "<group>"; };
		3EE389FF2A154F4100240777 /* MovieRankingView.swift */ = {isa = PBXFileReference; lastKnownFileType = sourcecode.swift; path = MovieRankingView.swift; sourceTree = "<group>"; };
		3EE38A012A154F4D00240777 /* LoginView.swift */ = {isa = PBXFileReference; lastKnownFileType = sourcecode.swift; path = LoginView.swift; sourceTree = "<group>"; };
		3EE38A032A154F5F00240777 /* MovieCardView.swift */ = {isa = PBXFileReference; lastKnownFileType = sourcecode.swift; path = MovieCardView.swift; sourceTree = "<group>"; };
		3EE38A052A154F6800240777 /* MovieData.swift */ = {isa = PBXFileReference; lastKnownFileType = sourcecode.swift; path = MovieData.swift; sourceTree = "<group>"; };
		3EE38A072A154F7900240777 /* MovieListViewModel.swift */ = {isa = PBXFileReference; lastKnownFileType = sourcecode.swift; path = MovieListViewModel.swift; sourceTree = "<group>"; };
/* End PBXFileReference section */

/* Begin PBXFrameworksBuildPhase section */
		3EE389EB2A154EC600240777 /* Frameworks */ = {
			isa = PBXFrameworksBuildPhase;
			buildActionMask = 2147483647;
			files = (
				3EE38A0B2A154FEA00240777 /* Alamofire in Frameworks */,
			);
			runOnlyForDeploymentPostprocessing = 0;
		};
/* End PBXFrameworksBuildPhase section */

/* Begin PBXGroup section */
		3EE389E52A154EC600240777 = {
			isa = PBXGroup;
			children = (
				3EE389F02A154EC600240777 /* MovieRankng */,
				3EE389EF2A154EC600240777 /* Products */,
			);
			sourceTree = "<group>";
		};
		3EE389EF2A154EC600240777 /* Products */ = {
			isa = PBXGroup;
			children = (
				3EE389EE2A154EC600240777 /* MovieRankng.app */,
			);
			name = Products;
			sourceTree = "<group>";
		};
		3EE389F02A154EC600240777 /* MovieRankng */ = {
			isa = PBXGroup;
			children = (
				3EE389F12A154EC600240777 /* MovieRankngApp.swift */,
				3EE389FF2A154F4100240777 /* MovieRankingView.swift */,
				3EE38A012A154F4D00240777 /* LoginView.swift */,
				3EE38A032A154F5F00240777 /* MovieCardView.swift */,
				3EE38A052A154F6800240777 /* MovieData.swift */,
				3EE38A072A154F7900240777 /* MovieListViewModel.swift */,
				3EE389F52A154EC800240777 /* Assets.xcassets */,
				3EE389F72A154EC800240777 /* Preview Content */,
			);
			path = MovieRankng;
			sourceTree = "<group>";
		};
		3EE389F72A154EC800240777 /* Preview Content */ = {
			isa = PBXGroup;
			children = (
				3EE389F82A154EC800240777 /* Preview Assets.xcassets */,
			);
			path = "Preview Content";
			sourceTree = "<group>";
		};
/* End PBXGroup section */

/* Begin PBXNativeTarget section */
		3EE389ED2A154EC600240777 /* MovieRankng */ = {
			isa = PBXNativeTarget;
			buildConfigurationList = 3EE389FC2A154EC800240777 /* Build configuration list for PBXNativeTarget "MovieRankng" */;
			buildPhases = (
				3EE389EA2A154EC600240777 /* Sources */,
				3EE389EB2A154EC600240777 /* Frameworks */,
				3EE389EC2A154EC600240777 /* Resources */,
			);
			buildRules = (
			);
			dependencies = (
			);
			name = MovieRankng;
			packageProductDependencies = (
				3EE38A0A2A154FEA00240777 /* Alamofire */,
			);
			productName = MovieRankng;
			productReference = 3EE389EE2A154EC600240777 /* MovieRankng.app */;
			productType = "com.apple.product-type.application";
		};
/* End PBXNativeTarget section */

/* Begin PBXProject section */
		3EE389E62A154EC600240777 /* Project object */ = {
			isa = PBXProject;
			attributes = {
				BuildIndependentTargetsInParallel = 1;
				LastSwiftUpdateCheck = 1430;
				LastUpgradeCheck = 1430;
				TargetAttributes = {
					3EE389ED2A154EC600240777 = {
						CreatedOnToolsVersion = 14.3;
					};
				};
			};
			buildConfigurationList = 3EE389E92A154EC600240777 /* Build configuration list for PBXProject "MovieRankng" */;
			compatibilityVersion = "Xcode 14.0";
			developmentRegion = en;
			hasScannedForEncodings = 0;
			knownRegions = (
				en,
				Base,
			);
			mainGroup = 3EE389E52A154EC600240777;
			packageReferences = (
				3EE38A092A154FEA00240777 /* XCRemoteSwiftPackageReference "Alamofire" */,
			);
			productRefGroup = 3EE389EF2A154EC600240777 /* Products */;
			projectDirPath = "";
			projectRoot = "";
			targets = (
				3EE389ED2A154EC600240777 /* MovieRankng */,
			);
		};
/* End PBXProject section */

/* Begin PBXResourcesBuildPhase section */
		3EE389EC2A154EC600240777 /* Resources */ = {
			isa = PBXResourcesBuildPhase;
			buildActionMask = 2147483647;
			files = (
				3EE389F92A154EC800240777 /* Preview Assets.xcassets in Resources */,
				3EE389F62A154EC800240777 /* Assets.xcassets in Resources */,
			);
			runOnlyForDeploymentPostprocessing = 0;
		};
/* End PBXResourcesBuildPhase section */

/* Begin PBXSourcesBuildPhase section */
		3EE389EA2A154EC600240777 /* Sources */ = {
			isa = PBXSourcesBuildPhase;
			buildActionMask = 2147483647;
			files = (
				3EE38A022A154F4D00240777 /* LoginView.swift in Sources */,
				3EE38A002A154F4100240777 /* MovieRankingView.swift in Sources */,
				3EE389F22A154EC600240777 /* MovieRankngApp.swift in Sources */,
				3EE38A062A154F6800240777 /* MovieData.swift in Sources */,
				3EE38A042A154F5F00240777 /* MovieCardView.swift in Sources */,
				3EE38A082A154F7900240777 /* MovieListViewModel.swift in Sources */,
			);
			runOnlyForDeploymentPostprocessing = 0;
		};
/* End PBXSourcesBuildPhase section */

/* Begin XCBuildConfiguration section */
		3EE389FA2A154EC800240777 /* Debug */ = {
			isa = XCBuildConfiguration;
			buildSettings = {
				ALWAYS_SEARCH_USER_PATHS = NO;
				CLANG_ANALYZER_NONNULL = YES;
				CLANG_ANALYZER_NUMBER_OBJECT_CONVERSION = YES_AGGRESSIVE;
				CLANG_CXX_LANGUAGE_STANDARD = "gnu++20";
				CLANG_ENABLE_MODULES = YES;
				CLANG_ENABLE_OBJC_ARC = YES;
				CLANG_ENABLE_OBJC_WEAK = YES;
				CLANG_WARN_BLOCK_CAPTURE_AUTORELEASING = YES;
				CLANG_WARN_BOOL_CONVERSION = YES;
				CLANG_WARN_COMMA = YES;
				CLANG_WARN_CONSTANT_CONVERSION = YES;
				CLANG_WARN_DEPRECATED_OBJC_IMPLEMENTATIONS = YES;
				CLANG_WARN_DIRECT_OBJC_ISA_USAGE = YES_ERROR;
				CLANG_WARN_DOCUMENTATION_COMMENTS = YES;
				CLANG_WARN_EMPTY_BODY = YES;
				CLANG_WARN_ENUM_CONVERSION = YES;
				CLANG_WARN_INFINITE_RECURSION = YES;
				CLANG_WARN_INT_CONVERSION = YES;
				CLANG_WARN_NON_LITERAL_NULL_CONVERSION = YES;
				CLANG_WARN_OBJC_IMPLICIT_RETAIN_SELF = YES;
				CLANG_WARN_OBJC_LITERAL_CONVERSION = YES;
				CLANG_WARN_OBJC_ROOT_CLASS = YES_ERROR;
				CLANG_WARN_QUOTED_INCLUDE_IN_FRAMEWORK_HEADER = YES;
				CLANG_WARN_RANGE_LOOP_ANALYSIS = YES;
				CLANG_WARN_STRICT_PROTOTYPES = YES;
				CLANG_WARN_SUSPICIOUS_MOVE = YES;
				CLANG_WARN_UNGUARDED_AVAILABILITY = YES_AGGRESSIVE;
				CLANG_WARN_UNREACHABLE_CODE = YES;
				CLANG_WARN__DUPLICATE_METHOD_MATCH = YES;
				COPY_PHASE_STRIP = NO;
				DEBUG_INFORMATION_FORMAT = dwarf;
				ENABLE_STRICT_OBJC_MSGSEND = YES;
				ENABLE_TESTABILITY = YES;
				GCC_C_LANGUAGE_STANDARD = gnu11;
				GCC_DYNAMIC_NO_PIC = NO;
				GCC_NO_COMMON_BLOCKS = YES;
				GCC_OPTIMIZATION_LEVEL = 0;
				GCC_PREPROCESSOR_DEFINITIONS = (
					"DEBUG=1",
					"$(inherited)",
				);
				GCC_WARN_64_TO_32_BIT_CONVERSION = YES;
				GCC_WARN_ABOUT_RETURN_TYPE = YES_ERROR;
				GCC_WARN_UNDECLARED_SELECTOR = YES;
				GCC_WARN_UNINITIALIZED_AUTOS = YES_AGGRESSIVE;
				GCC_WARN_UNUSED_FUNCTION = YES;
				GCC_WARN_UNUSED_VARIABLE = YES;
				IPHONEOS_DEPLOYMENT_TARGET = 16.4;
				MTL_ENABLE_DEBUG_INFO = INCLUDE_SOURCE;
				MTL_FAST_MATH = YES;
				ONLY_ACTIVE_ARCH = YES;
				SDKROOT = iphoneos;
				SWIFT_ACTIVE_COMPILATION_CONDITIONS = DEBUG;
				SWIFT_OPTIMIZATION_LEVEL = "-Onone";
			};
			name = Debug;
		};
		3EE389FB2A154EC800240777 /* Release */ = {
			isa = XCBuildConfiguration;
			buildSettings = {
				ALWAYS_SEARCH_USER_PATHS = NO;
				CLANG_ANALYZER_NONNULL = YES;
				CLANG_ANALYZER_NUMBER_OBJECT_CONVERSION = YES_AGGRESSIVE;
				CLANG_CXX_LANGUAGE_STANDARD = "gnu++20";
				CLANG_ENABLE_MODULES = YES;
				CLANG_ENABLE_OBJC_ARC = YES;
				CLANG_ENABLE_OBJC_WEAK = YES;
				CLANG_WARN_BLOCK_CAPTURE_AUTORELEASING = YES;
				CLANG_WARN_BOOL_CONVERSION = YES;
				CLANG_WARN_COMMA = YES;
				CLANG_WARN_CONSTANT_CONVERSION = YES;
				CLANG_WARN_DEPRECATED_OBJC_IMPLEMENTATIONS = YES;
				CLANG_WARN_DIRECT_OBJC_ISA_USAGE = YES_ERROR;
				CLANG_WARN_DOCUMENTATION_COMMENTS = YES;
				CLANG_WARN_EMPTY_BODY = YES;
				CLANG_WARN_ENUM_CONVERSION = YES;
				CLANG_WARN_INFINITE_RECURSION = YES;
				CLANG_WARN_INT_CONVERSION = YES;
				CLANG_WARN_NON_LITERAL_NULL_CONVERSION = YES;
				CLANG_WARN_OBJC_IMPLICIT_RETAIN_SELF = YES;
				CLANG_WARN_OBJC_LITERAL_CONVERSION = YES;
				CLANG_WARN_OBJC_ROOT_CLASS = YES_ERROR;
				CLANG_WARN_QUOTED_INCLUDE_IN_FRAMEWORK_HEADER = YES;
				CLANG_WARN_RANGE_LOOP_ANALYSIS = YES;
				CLANG_WARN_STRICT_PROTOTYPES = YES;
				CLANG_WARN_SUSPICIOUS_MOVE = YES;
				CLANG_WARN_UNGUARDED_AVAILABILITY = YES_AGGRESSIVE;
				CLANG_WARN_UNREACHABLE_CODE = YES;
				CLANG_WARN__DUPLICATE_METHOD_MATCH = YES;
				COPY_PHASE_STRIP = NO;
				DEBUG_INFORMATION_FORMAT = "dwarf-with-dsym";
				ENABLE_NS_ASSERTIONS = NO;
				ENABLE_STRICT_OBJC_MSGSEND = YES;
				GCC_C_LANGUAGE_STANDARD = gnu11;
				GCC_NO_COMMON_BLOCKS = YES;
				GCC_WARN_64_TO_32_BIT_CONVERSION = YES;
				GCC_WARN_ABOUT_RETURN_TYPE = YES_ERROR;
				GCC_WARN_UNDECLARED_SELECTOR = YES;
				GCC_WARN_UNINITIALIZED_AUTOS = YES_AGGRESSIVE;
				GCC_WARN_UNUSED_FUNCTION = YES;
				GCC_WARN_UNUSED_VARIABLE = YES;
				IPHONEOS_DEPLOYMENT_TARGET = 16.4;
				MTL_ENABLE_DEBUG_INFO = NO;
				MTL_FAST_MATH = YES;
				SDKROOT = iphoneos;
				SWIFT_COMPILATION_MODE = wholemodule;
				SWIFT_OPTIMIZATION_LEVEL = "-O";
				VALIDATE_PRODUCT = YES;
			};
			name = Release;
		};
		3EE389FD2A154EC800240777 /* Debug */ = {
			isa = XCBuildConfiguration;
			buildSettings = {
				ASSETCATALOG_COMPILER_APPICON_NAME = AppIcon;
				ASSETCATALOG_COMPILER_GLOBAL_ACCENT_COLOR_NAME = AccentColor;
				CODE_SIGN_STYLE = Automatic;
				CURRENT_PROJECT_VERSION = 1;
				DEVELOPMENT_ASSET_PATHS = "\"MovieRankng/Preview Content\"";
				DEVELOPMENT_TEAM = KWLZ2DM3AK;
				ENABLE_PREVIEWS = YES;
				GENERATE_INFOPLIST_FILE = YES;
				INFOPLIST_KEY_UIApplicationSceneManifest_Generation = YES;
				INFOPLIST_KEY_UIApplicationSupportsIndirectInputEvents = YES;
				INFOPLIST_KEY_UILaunchScreen_Generation = YES;
				INFOPLIST_KEY_UISupportedInterfaceOrientations_iPad = "UIInterfaceOrientationPortrait UIInterfaceOrientationPortraitUpsideDown UIInterfaceOrientationLandscapeLeft UIInterfaceOrientationLandscapeRight";
				INFOPLIST_KEY_UISupportedInterfaceOrientations_iPhone = "UIInterfaceOrientationPortrait UIInterfaceOrientationLandscapeLeft UIInterfaceOrientationLandscapeRight";
				LD_RUNPATH_SEARCH_PATHS = (
					"$(inherited)",
					"@executable_path/Frameworks",
				);
				MARKETING_VERSION = 1.0;
				PRODUCT_BUNDLE_IDENTIFIER = "com.example-swiftUI.MovieRankng";
				PRODUCT_NAME = "$(TARGET_NAME)";
				SWIFT_EMIT_LOC_STRINGS = YES;
				SWIFT_VERSION = 5.0;
				TARGETED_DEVICE_FAMILY = "1,2";
			};
			name = Debug;
		};
		3EE389FE2A154EC800240777 /* Release */ = {
			isa = XCBuildConfiguration;
			buildSettings = {
				ASSETCATALOG_COMPILER_APPICON_NAME = AppIcon;
				ASSETCATALOG_COMPILER_GLOBAL_ACCENT_COLOR_NAME = AccentColor;
				CODE_SIGN_STYLE = Automatic;
				CURRENT_PROJECT_VERSION = 1;
				DEVELOPMENT_ASSET_PATHS = "\"MovieRankng/Preview Content\"";
				DEVELOPMENT_TEAM = KWLZ2DM3AK;
				ENABLE_PREVIEWS = YES;
				GENERATE_INFOPLIST_FILE = YES;
				INFOPLIST_KEY_UIApplicationSceneManifest_Generation = YES;
				INFOPLIST_KEY_UIApplicationSupportsIndirectInputEvents = YES;
				INFOPLIST_KEY_UILaunchScreen_Generation = YES;
				INFOPLIST_KEY_UISupportedInterfaceOrientations_iPad = "UIInterfaceOrientationPortrait UIInterfaceOrientationPortraitUpsideDown UIInterfaceOrientationLandscapeLeft UIInterfaceOrientationLandscapeRight";
				INFOPLIST_KEY_UISupportedInterfaceOrientations_iPhone = "UIInterfaceOrientationPortrait UIInterfaceOrientationLandscapeLeft UIInterfaceOrientationLandscapeRight";
				LD_RUNPATH_SEARCH_PATHS = (
					"$(inherited)",
					"@executable_path/Frameworks",
				);
				MARKETING_VERSION = 1.0;
				PRODUCT_BUNDLE_IDENTIFIER = "com.example-swiftUI.MovieRankng";
				PRODUCT_NAME = "$(TARGET_NAME)";
				SWIFT_EMIT_LOC_STRINGS = YES;
				SWIFT_VERSION = 5.0;
				TARGETED_DEVICE_FAMILY = "1,2";
			};
			name = Release;
		};
/* End XCBuildConfiguration section */

/* Begin XCConfigurationList section */
		3EE389E92A154EC600240777 /* Build configuration list for PBXProject "MovieRankng" */ = {
			isa = XCConfigurationList;
			buildConfigurations = (
				3EE389FA2A154EC800240777 /* Debug */,
				3EE389FB2A154EC800240777 /* Release */,
			);
			defaultConfigurationIsVisible = 0;
			defaultConfigurationName = Release;
		};
		3EE389FC2A154EC800240777 /* Build configuration list for PBXNativeTarget "MovieRankng" */ = {
			isa = XCConfigurationList;
			buildConfigurations = (
				3EE389FD2A154EC800240777 /* Debug */,
				3EE389FE2A154EC800240777 /* Release */,
			);
			defaultConfigurationIsVisible = 0;
			defaultConfigurationName = Release;
		};
/* End XCConfigurationList section */

/* Begin XCRemoteSwiftPackageReference section */
		3EE38A092A154FEA00240777 /* XCRemoteSwiftPackageReference "Alamofire" */ = {
			isa = XCRemoteSwiftPackageReference;
			repositoryURL = "https://github.com/Alamofire/Alamofire.git";
			requirement = {
				kind = upToNextMajorVersion;
				minimumVersion = 5.0.0;
			};
		};
/* End XCRemoteSwiftPackageReference section */

/* Begin XCSwiftPackageProductDependency section */
		3EE38A0A2A154FEA00240777 /* Alamofire */ = {
			isa = XCSwiftPackageProductDependency;
			package = 3EE38A092A154FEA00240777 /* XCRemoteSwiftPackageReference "Alamofire" */;
			productName = Alamofire;
		};
/* End XCSwiftPackageProductDependency section */
	};
	rootObject = 3EE389E62A154EC600240777 /* Project object */;
}
