// !$*UTF8*$!
{
	archiveVersion = 1;
	classes = {
	};
	objectVersion = 56;
	objects = {

/* Begin PBXBuildFile section */
		3EF549CF2A4D6C4A006562F8 /* ApiStudyApp.swift in Sources */ = {isa = PBXBuildFile; fileRef = 3EF549CE2A4D6C4A006562F8 /* ApiStudyApp.swift */; };
		3EF549D12A4D6C4A006562F8 /* ContentView.swift in Sources */ = {isa = PBXBuildFile; fileRef = 3EF549D02A4D6C4A006562F8 /* ContentView.swift */; };
		3EF549D32A4D6C51006562F8 /* Assets.xcassets in Resources */ = {isa = PBXBuildFile; fileRef = 3EF549D22A4D6C51006562F8 /* Assets.xcassets */; };
		3EF549D62A4D6C51006562F8 /* Preview Assets.xcassets in Resources */ = {isa = PBXBuildFile; fileRef = 3EF549D52A4D6C51006562F8 /* Preview Assets.xcassets */; };
		3EF549DE2A4D6C7C006562F8 /* Alamofire in Frameworks */ = {isa = PBXBuildFile; productRef = 3EF549DD2A4D6C7C006562F8 /* Alamofire */; };
		3EF549E12A4D6E54006562F8 /* ApiClient.swift in Sources */ = {isa = PBXBuildFile; fileRef = 3EF549E02A4D6E54006562F8 /* ApiClient.swift */; };
		3EF549E42A4D6EBE006562F8 /* BaseInterceptor.swift in Sources */ = {isa = PBXBuildFile; fileRef = 3EF549E32A4D6EBE006562F8 /* BaseInterceptor.swift */; };
		3EF549E62A4D6F8B006562F8 /* ApiLogger.swift in Sources */ = {isa = PBXBuildFile; fileRef = 3EF549E52A4D6F8B006562F8 /* ApiLogger.swift */; };
		3EF549E92A4D731B006562F8 /* AuthRouter.swift in Sources */ = {isa = PBXBuildFile; fileRef = 3EF549E82A4D731B006562F8 /* AuthRouter.swift */; };
		3EF549EC2A4D7741006562F8 /* AuthApiService.swift in Sources */ = {isa = PBXBuildFile; fileRef = 3EF549EB2A4D7741006562F8 /* AuthApiService.swift */; };
		3EF549EF2A4D7A09006562F8 /* AuthViewModel.swift in Sources */ = {isa = PBXBuildFile; fileRef = 3EF549EE2A4D7A09006562F8 /* AuthViewModel.swift */; };
/* End PBXBuildFile section */

/* Begin PBXFileReference section */
		3EF549CB2A4D6C4A006562F8 /* ApiStudy.app */ = {isa = PBXFileReference; explicitFileType = wrapper.application; includeInIndex = 0; path = ApiStudy.app; sourceTree = BUILT_PRODUCTS_DIR; };
		3EF549CE2A4D6C4A006562F8 /* ApiStudyApp.swift */ = {isa = PBXFileReference; lastKnownFileType = sourcecode.swift; path = ApiStudyApp.swift; sourceTree = "<group>"; };
		3EF549D02A4D6C4A006562F8 /* ContentView.swift */ = {isa = PBXFileReference; lastKnownFileType = sourcecode.swift; path = ContentView.swift; sourceTree = "<group>"; };
		3EF549D22A4D6C51006562F8 /* Assets.xcassets */ = {isa = PBXFileReference; lastKnownFileType = folder.assetcatalog; path = Assets.xcassets; sourceTree = "<group>"; };
		3EF549D52A4D6C51006562F8 /* Preview Assets.xcassets */ = {isa = PBXFileReference; lastKnownFileType = folder.assetcatalog; path = "Preview Assets.xcassets"; sourceTree = "<group>"; };
		3EF549E02A4D6E54006562F8 /* ApiClient.swift */ = {isa = PBXFileReference; lastKnownFileType = sourcecode.swift; path = ApiClient.swift; sourceTree = "<group>"; };
		3EF549E32A4D6EBE006562F8 /* BaseInterceptor.swift */ = {isa = PBXFileReference; lastKnownFileType = sourcecode.swift; path = BaseInterceptor.swift; sourceTree = "<group>"; };
		3EF549E52A4D6F8B006562F8 /* ApiLogger.swift */ = {isa = PBXFileReference; lastKnownFileType = sourcecode.swift; path = ApiLogger.swift; sourceTree = "<group>"; };
		3EF549E82A4D731B006562F8 /* AuthRouter.swift */ = {isa = PBXFileReference; lastKnownFileType = sourcecode.swift; path = AuthRouter.swift; sourceTree = "<group>"; };
		3EF549EB2A4D7741006562F8 /* AuthApiService.swift */ = {isa = PBXFileReference; lastKnownFileType = sourcecode.swift; path = AuthApiService.swift; sourceTree = "<group>"; };
		3EF549EE2A4D7A09006562F8 /* AuthViewModel.swift */ = {isa = PBXFileReference; lastKnownFileType = sourcecode.swift; path = AuthViewModel.swift; sourceTree = "<group>"; };
/* End PBXFileReference section */

/* Begin PBXFrameworksBuildPhase section */
		3EF549C82A4D6C4A006562F8 /* Frameworks */ = {
			isa = PBXFrameworksBuildPhase;
			buildActionMask = 2147483647;
			files = (
				3EF549DE2A4D6C7C006562F8 /* Alamofire in Frameworks */,
			);
			runOnlyForDeploymentPostprocessing = 0;
		};
/* End PBXFrameworksBuildPhase section */

/* Begin PBXGroup section */
		3EF549C22A4D6C4A006562F8 = {
			isa = PBXGroup;
			children = (
				3EF549CD2A4D6C4A006562F8 /* ApiStudy */,
				3EF549CC2A4D6C4A006562F8 /* Products */,
			);
			sourceTree = "<group>";
		};
		3EF549CC2A4D6C4A006562F8 /* Products */ = {
			isa = PBXGroup;
			children = (
				3EF549CB2A4D6C4A006562F8 /* ApiStudy.app */,
			);
			name = Products;
			sourceTree = "<group>";
		};
		3EF549CD2A4D6C4A006562F8 /* ApiStudy */ = {
			isa = PBXGroup;
			children = (
				3EF549ED2A4D79F1006562F8 /* ViewModel */,
				3EF549DF2A4D6CAA006562F8 /* Api */,
				3EF549CE2A4D6C4A006562F8 /* ApiStudyApp.swift */,
				3EF549D02A4D6C4A006562F8 /* ContentView.swift */,
				3EF549D22A4D6C51006562F8 /* Assets.xcassets */,
				3EF549D42A4D6C51006562F8 /* Preview Content */,
			);
			path = ApiStudy;
			sourceTree = "<group>";
		};
		3EF549D42A4D6C51006562F8 /* Preview Content */ = {
			isa = PBXGroup;
			children = (
				3EF549D52A4D6C51006562F8 /* Preview Assets.xcassets */,
			);
			path = "Preview Content";
			sourceTree = "<group>";
		};
		3EF549DF2A4D6CAA006562F8 /* Api */ = {
			isa = PBXGroup;
			children = (
				3EF549EA2A4D7730006562F8 /* Service */,
				3EF549E72A4D72D3006562F8 /* Routers */,
				3EF549E22A4D6EAB006562F8 /* iinterceptors */,
				3EF549E02A4D6E54006562F8 /* ApiClient.swift */,
				3EF549E52A4D6F8B006562F8 /* ApiLogger.swift */,
			);
			path = Api;
			sourceTree = "<group>";
		};
		3EF549E22A4D6EAB006562F8 /* iinterceptors */ = {
			isa = PBXGroup;
			children = (
				3EF549E32A4D6EBE006562F8 /* BaseInterceptor.swift */,
			);
			path = iinterceptors;
			sourceTree = "<group>";
		};
		3EF549E72A4D72D3006562F8 /* Routers */ = {
			isa = PBXGroup;
			children = (
				3EF549E82A4D731B006562F8 /* AuthRouter.swift */,
			);
			path = Routers;
			sourceTree = "<group>";
		};
		3EF549EA2A4D7730006562F8 /* Service */ = {
			isa = PBXGroup;
			children = (
				3EF549EB2A4D7741006562F8 /* AuthApiService.swift */,
			);
			path = Service;
			sourceTree = "<group>";
		};
		3EF549ED2A4D79F1006562F8 /* ViewModel */ = {
			isa = PBXGroup;
			children = (
				3EF549EE2A4D7A09006562F8 /* AuthViewModel.swift */,
			);
			path = ViewModel;
			sourceTree = "<group>";
		};
/* End PBXGroup section */

/* Begin PBXNativeTarget section */
		3EF549CA2A4D6C4A006562F8 /* ApiStudy */ = {
			isa = PBXNativeTarget;
			buildConfigurationList = 3EF549D92A4D6C51006562F8 /* Build configuration list for PBXNativeTarget "ApiStudy" */;
			buildPhases = (
				3EF549C72A4D6C4A006562F8 /* Sources */,
				3EF549C82A4D6C4A006562F8 /* Frameworks */,
				3EF549C92A4D6C4A006562F8 /* Resources */,
			);
			buildRules = (
			);
			dependencies = (
			);
			name = ApiStudy;
			packageProductDependencies = (
				3EF549DD2A4D6C7C006562F8 /* Alamofire */,
			);
			productName = ApiStudy;
			productReference = 3EF549CB2A4D6C4A006562F8 /* ApiStudy.app */;
			productType = "com.apple.product-type.application";
		};
/* End PBXNativeTarget section */

/* Begin PBXProject section */
		3EF549C32A4D6C4A006562F8 /* Project object */ = {
			isa = PBXProject;
			attributes = {
				BuildIndependentTargetsInParallel = 1;
				LastSwiftUpdateCheck = 1430;
				LastUpgradeCheck = 1430;
				TargetAttributes = {
					3EF549CA2A4D6C4A006562F8 = {
						CreatedOnToolsVersion = 14.3.1;
					};
				};
			};
			buildConfigurationList = 3EF549C62A4D6C4A006562F8 /* Build configuration list for PBXProject "ApiStudy" */;
			compatibilityVersion = "Xcode 14.0";
			developmentRegion = en;
			hasScannedForEncodings = 0;
			knownRegions = (
				en,
				Base,
			);
			mainGroup = 3EF549C22A4D6C4A006562F8;
			packageReferences = (
				3EF549DC2A4D6C7C006562F8 /* XCRemoteSwiftPackageReference "Alamofire" */,
			);
			productRefGroup = 3EF549CC2A4D6C4A006562F8 /* Products */;
			projectDirPath = "";
			projectRoot = "";
			targets = (
				3EF549CA2A4D6C4A006562F8 /* ApiStudy */,
			);
		};
/* End PBXProject section */

/* Begin PBXResourcesBuildPhase section */
		3EF549C92A4D6C4A006562F8 /* Resources */ = {
			isa = PBXResourcesBuildPhase;
			buildActionMask = 2147483647;
			files = (
				3EF549D62A4D6C51006562F8 /* Preview Assets.xcassets in Resources */,
				3EF549D32A4D6C51006562F8 /* Assets.xcassets in Resources */,
			);
			runOnlyForDeploymentPostprocessing = 0;
		};
/* End PBXResourcesBuildPhase section */

/* Begin PBXSourcesBuildPhase section */
		3EF549C72A4D6C4A006562F8 /* Sources */ = {
			isa = PBXSourcesBuildPhase;
			buildActionMask = 2147483647;
			files = (
				3EF549D12A4D6C4A006562F8 /* ContentView.swift in Sources */,
				3EF549E62A4D6F8B006562F8 /* ApiLogger.swift in Sources */,
				3EF549CF2A4D6C4A006562F8 /* ApiStudyApp.swift in Sources */,
				3EF549E42A4D6EBE006562F8 /* BaseInterceptor.swift in Sources */,
				3EF549EF2A4D7A09006562F8 /* AuthViewModel.swift in Sources */,
				3EF549E92A4D731B006562F8 /* AuthRouter.swift in Sources */,
				3EF549EC2A4D7741006562F8 /* AuthApiService.swift in Sources */,
				3EF549E12A4D6E54006562F8 /* ApiClient.swift in Sources */,
			);
			runOnlyForDeploymentPostprocessing = 0;
		};
/* End PBXSourcesBuildPhase section */

/* Begin XCBuildConfiguration section */
		3EF549D72A4D6C51006562F8 /* Debug */ = {
			isa = XCBuildConfiguration;
			buildSettings = {
				ALWAYS_SEARCH_USER_PATHS = NO;
				CLANG_ANALYZER_NONNULL = YES;
				CLANG_ANALYZER_NUMBER_OBJECT_CONVERSION = YES_AGGRESSIVE;
				CLANG_CXX_LANGUAGE_STANDARD = "gnu++20";
				CLANG_ENABLE_MODULES = YES;
				CLANG_ENABLE_OBJC_ARC = YES;
				CLANG_ENABLE_OBJC_WEAK = YES;
				CLANG_WARN_BLOCK_CAPTURE_AUTORELEASING = YES;
				CLANG_WARN_BOOL_CONVERSION = YES;
				CLANG_WARN_COMMA = YES;
				CLANG_WARN_CONSTANT_CONVERSION = YES;
				CLANG_WARN_DEPRECATED_OBJC_IMPLEMENTATIONS = YES;
				CLANG_WARN_DIRECT_OBJC_ISA_USAGE = YES_ERROR;
				CLANG_WARN_DOCUMENTATION_COMMENTS = YES;
				CLANG_WARN_EMPTY_BODY = YES;
				CLANG_WARN_ENUM_CONVERSION = YES;
				CLANG_WARN_INFINITE_RECURSION = YES;
				CLANG_WARN_INT_CONVERSION = YES;
				CLANG_WARN_NON_LITERAL_NULL_CONVERSION = YES;
				CLANG_WARN_OBJC_IMPLICIT_RETAIN_SELF = YES;
				CLANG_WARN_OBJC_LITERAL_CONVERSION = YES;
				CLANG_WARN_OBJC_ROOT_CLASS = YES_ERROR;
				CLANG_WARN_QUOTED_INCLUDE_IN_FRAMEWORK_HEADER = YES;
				CLANG_WARN_RANGE_LOOP_ANALYSIS = YES;
				CLANG_WARN_STRICT_PROTOTYPES = YES;
				CLANG_WARN_SUSPICIOUS_MOVE = YES;
				CLANG_WARN_UNGUARDED_AVAILABILITY = YES_AGGRESSIVE;
				CLANG_WARN_UNREACHABLE_CODE = YES;
				CLANG_WARN__DUPLICATE_METHOD_MATCH = YES;
				COPY_PHASE_STRIP = NO;
				DEBUG_INFORMATION_FORMAT = dwarf;
				ENABLE_STRICT_OBJC_MSGSEND = YES;
				ENABLE_TESTABILITY = YES;
				GCC_C_LANGUAGE_STANDARD = gnu11;
				GCC_DYNAMIC_NO_PIC = NO;
				GCC_NO_COMMON_BLOCKS = YES;
				GCC_OPTIMIZATION_LEVEL = 0;
				GCC_PREPROCESSOR_DEFINITIONS = (
					"DEBUG=1",
					"$(inherited)",
				);
				GCC_WARN_64_TO_32_BIT_CONVERSION = YES;
				GCC_WARN_ABOUT_RETURN_TYPE = YES_ERROR;
				GCC_WARN_UNDECLARED_SELECTOR = YES;
				GCC_WARN_UNINITIALIZED_AUTOS = YES_AGGRESSIVE;
				GCC_WARN_UNUSED_FUNCTION = YES;
				GCC_WARN_UNUSED_VARIABLE = YES;
				IPHONEOS_DEPLOYMENT_TARGET = 16.4;
				MTL_ENABLE_DEBUG_INFO = INCLUDE_SOURCE;
				MTL_FAST_MATH = YES;
				ONLY_ACTIVE_ARCH = YES;
				SDKROOT = iphoneos;
				SWIFT_ACTIVE_COMPILATION_CONDITIONS = DEBUG;
				SWIFT_OPTIMIZATION_LEVEL = "-Onone";
			};
			name = Debug;
		};
		3EF549D82A4D6C51006562F8 /* Release */ = {
			isa = XCBuildConfiguration;
			buildSettings = {
				ALWAYS_SEARCH_USER_PATHS = NO;
				CLANG_ANALYZER_NONNULL = YES;
				CLANG_ANALYZER_NUMBER_OBJECT_CONVERSION = YES_AGGRESSIVE;
				CLANG_CXX_LANGUAGE_STANDARD = "gnu++20";
				CLANG_ENABLE_MODULES = YES;
				CLANG_ENABLE_OBJC_ARC = YES;
				CLANG_ENABLE_OBJC_WEAK = YES;
				CLANG_WARN_BLOCK_CAPTURE_AUTORELEASING = YES;
				CLANG_WARN_BOOL_CONVERSION = YES;
				CLANG_WARN_COMMA = YES;
				CLANG_WARN_CONSTANT_CONVERSION = YES;
				CLANG_WARN_DEPRECATED_OBJC_IMPLEMENTATIONS = YES;
				CLANG_WARN_DIRECT_OBJC_ISA_USAGE = YES_ERROR;
				CLANG_WARN_DOCUMENTATION_COMMENTS = YES;
				CLANG_WARN_EMPTY_BODY = YES;
				CLANG_WARN_ENUM_CONVERSION = YES;
				CLANG_WARN_INFINITE_RECURSION = YES;
				CLANG_WARN_INT_CONVERSION = YES;
				CLANG_WARN_NON_LITERAL_NULL_CONVERSION = YES;
				CLANG_WARN_OBJC_IMPLICIT_RETAIN_SELF = YES;
				CLANG_WARN_OBJC_LITERAL_CONVERSION = YES;
				CLANG_WARN_OBJC_ROOT_CLASS = YES_ERROR;
				CLANG_WARN_QUOTED_INCLUDE_IN_FRAMEWORK_HEADER = YES;
				CLANG_WARN_RANGE_LOOP_ANALYSIS = YES;
				CLANG_WARN_STRICT_PROTOTYPES = YES;
				CLANG_WARN_SUSPICIOUS_MOVE = YES;
				CLANG_WARN_UNGUARDED_AVAILABILITY = YES_AGGRESSIVE;
				CLANG_WARN_UNREACHABLE_CODE = YES;
				CLANG_WARN__DUPLICATE_METHOD_MATCH = YES;
				COPY_PHASE_STRIP = NO;
				DEBUG_INFORMATION_FORMAT = "dwarf-with-dsym";
				ENABLE_NS_ASSERTIONS = NO;
				ENABLE_STRICT_OBJC_MSGSEND = YES;
				GCC_C_LANGUAGE_STANDARD = gnu11;
				GCC_NO_COMMON_BLOCKS = YES;
				GCC_WARN_64_TO_32_BIT_CONVERSION = YES;
				GCC_WARN_ABOUT_RETURN_TYPE = YES_ERROR;
				GCC_WARN_UNDECLARED_SELECTOR = YES;
				GCC_WARN_UNINITIALIZED_AUTOS = YES_AGGRESSIVE;
				GCC_WARN_UNUSED_FUNCTION = YES;
				GCC_WARN_UNUSED_VARIABLE = YES;
				IPHONEOS_DEPLOYMENT_TARGET = 16.4;
				MTL_ENABLE_DEBUG_INFO = NO;
				MTL_FAST_MATH = YES;
				SDKROOT = iphoneos;
				SWIFT_COMPILATION_MODE = wholemodule;
				SWIFT_OPTIMIZATION_LEVEL = "-O";
				VALIDATE_PRODUCT = YES;
			};
			name = Release;
		};
		3EF549DA2A4D6C51006562F8 /* Debug */ = {
			isa = XCBuildConfiguration;
			buildSettings = {
				ASSETCATALOG_COMPILER_APPICON_NAME = AppIcon;
				ASSETCATALOG_COMPILER_GLOBAL_ACCENT_COLOR_NAME = AccentColor;
				CODE_SIGN_STYLE = Automatic;
				CURRENT_PROJECT_VERSION = 1;
				DEVELOPMENT_ASSET_PATHS = "\"ApiStudy/Preview Content\"";
				DEVELOPMENT_TEAM = KWLZ2DM3AK;
				ENABLE_PREVIEWS = YES;
				GENERATE_INFOPLIST_FILE = YES;
				INFOPLIST_KEY_UIApplicationSceneManifest_Generation = YES;
				INFOPLIST_KEY_UIApplicationSupportsIndirectInputEvents = YES;
				INFOPLIST_KEY_UILaunchScreen_Generation = YES;
				INFOPLIST_KEY_UISupportedInterfaceOrientations_iPad = "UIInterfaceOrientationPortrait UIInterfaceOrientationPortraitUpsideDown UIInterfaceOrientationLandscapeLeft UIInterfaceOrientationLandscapeRight";
				INFOPLIST_KEY_UISupportedInterfaceOrientations_iPhone = "UIInterfaceOrientationPortrait UIInterfaceOrientationLandscapeLeft UIInterfaceOrientationLandscapeRight";
				LD_RUNPATH_SEARCH_PATHS = (
					"$(inherited)",
					"@executable_path/Frameworks",
				);
				MARKETING_VERSION = 1.0;
				PRODUCT_BUNDLE_IDENTIFIER = "com.example-swiftUI.ApiStudy";
				PRODUCT_NAME = "$(TARGET_NAME)";
				SWIFT_EMIT_LOC_STRINGS = YES;
				SWIFT_VERSION = 5.0;
				TARGETED_DEVICE_FAMILY = "1,2";
			};
			name = Debug;
		};
		3EF549DB2A4D6C51006562F8 /* Release */ = {
			isa = XCBuildConfiguration;
			buildSettings = {
				ASSETCATALOG_COMPILER_APPICON_NAME = AppIcon;
				ASSETCATALOG_COMPILER_GLOBAL_ACCENT_COLOR_NAME = AccentColor;
				CODE_SIGN_STYLE = Automatic;
				CURRENT_PROJECT_VERSION = 1;
				DEVELOPMENT_ASSET_PATHS = "\"ApiStudy/Preview Content\"";
				DEVELOPMENT_TEAM = KWLZ2DM3AK;
				ENABLE_PREVIEWS = YES;
				GENERATE_INFOPLIST_FILE = YES;
				INFOPLIST_KEY_UIApplicationSceneManifest_Generation = YES;
				INFOPLIST_KEY_UIApplicationSupportsIndirectInputEvents = YES;
				INFOPLIST_KEY_UILaunchScreen_Generation = YES;
				INFOPLIST_KEY_UISupportedInterfaceOrientations_iPad = "UIInterfaceOrientationPortrait UIInterfaceOrientationPortraitUpsideDown UIInterfaceOrientationLandscapeLeft UIInterfaceOrientationLandscapeRight";
				INFOPLIST_KEY_UISupportedInterfaceOrientations_iPhone = "UIInterfaceOrientationPortrait UIInterfaceOrientationLandscapeLeft UIInterfaceOrientationLandscapeRight";
				LD_RUNPATH_SEARCH_PATHS = (
					"$(inherited)",
					"@executable_path/Frameworks",
				);
				MARKETING_VERSION = 1.0;
				PRODUCT_BUNDLE_IDENTIFIER = "com.example-swiftUI.ApiStudy";
				PRODUCT_NAME = "$(TARGET_NAME)";
				SWIFT_EMIT_LOC_STRINGS = YES;
				SWIFT_VERSION = 5.0;
				TARGETED_DEVICE_FAMILY = "1,2";
			};
			name = Release;
		};
/* End XCBuildConfiguration section */

/* Begin XCConfigurationList section */
		3EF549C62A4D6C4A006562F8 /* Build configuration list for PBXProject "ApiStudy" */ = {
			isa = XCConfigurationList;
			buildConfigurations = (
				3EF549D72A4D6C51006562F8 /* Debug */,
				3EF549D82A4D6C51006562F8 /* Release */,
			);
			defaultConfigurationIsVisible = 0;
			defaultConfigurationName = Release;
		};
		3EF549D92A4D6C51006562F8 /* Build configuration list for PBXNativeTarget "ApiStudy" */ = {
			isa = XCConfigurationList;
			buildConfigurations = (
				3EF549DA2A4D6C51006562F8 /* Debug */,
				3EF549DB2A4D6C51006562F8 /* Release */,
			);
			defaultConfigurationIsVisible = 0;
			defaultConfigurationName = Release;
		};
/* End XCConfigurationList section */

/* Begin XCRemoteSwiftPackageReference section */
		3EF549DC2A4D6C7C006562F8 /* XCRemoteSwiftPackageReference "Alamofire" */ = {
			isa = XCRemoteSwiftPackageReference;
			repositoryURL = "https://github.com/Alamofire/Alamofire.git";
			requirement = {
				kind = upToNextMajorVersion;
				minimumVersion = 5.0.0;
			};
		};
/* End XCRemoteSwiftPackageReference section */

/* Begin XCSwiftPackageProductDependency section */
		3EF549DD2A4D6C7C006562F8 /* Alamofire */ = {
			isa = XCSwiftPackageProductDependency;
			package = 3EF549DC2A4D6C7C006562F8 /* XCRemoteSwiftPackageReference "Alamofire" */;
			productName = Alamofire;
		};
/* End XCSwiftPackageProductDependency section */
	};
	rootObject = 3EF549C32A4D6C4A006562F8 /* Project object */;
}
